
Microsoft Visual Studio Solution File, Format Version 12.00
# Visual Studio Version 17
VisualStudioVersion = 17.2.32516.85
MinimumVisualStudioVersion = 10.0.40219.1
Project("{FAE04EC0-301F-11D3-BF4B-00C04F79EFBC}") = "Transportium", "Transportium\Transportium.csproj", "{655C5E72-3AEE-4589-823D-0EA71F763B60}"
EndProject
Global
	GlobalSection(SolutionConfigurationPlatforms) = preSolution
		Debug|Any CPU = Debug|Any CPU
		Release|Any CPU = Release|Any CPU
	EndGlobalSection
	GlobalSection(ProjectConfigurationPlatforms) = postSolution
		{655C5E72-3AEE-4589-823D-0EA71F763B60}.Debug|Any CPU.ActiveCfg = Debug|Any CPU
		{655C5E72-3AEE-4589-823D-0EA71F763B60}.Debug|Any CPU.Build.0 = Debug|Any CPU
		{655C5E72-3AEE-4589-823D-0EA71F763B60}.Release|Any CPU.ActiveCfg = Release|Any CPU
		{655C5E72-3AEE-4589-823D-0EA71F763B60}.Release|Any CPU.Build.0 = Release|Any CPU
	EndGlobalSection
	GlobalSection(SolutionProperties) = preSolution
		HideSolutionNode = FALSE
	EndGlobalSection
	GlobalSection(ExtensibilityGlobals) = postSolution
		SolutionGuid = {9CC8A130-EF12-4C0A-A678-A0DF061CE1AD}
	EndGlobalSection
EndGlobal
